
Microsoft Visual Studio Solution File, Format Version 12.00
# Visual Studio 2012
Project("{FAE04EC0-301F-11D3-BF4B-00C04F79EFBC}") = "Trivia.AcceptanceTest", "Trivia.AcceptanceTest\Trivia.AcceptanceTest.csproj", "{A70DEB57-DD50-40C9-84A6-0FC79730BCEC}"
EndProject
Project("{FAE04EC0-301F-11D3-BF4B-00C04F79EFBC}") = "Trivia", "Trivia\Trivia.csproj", "{66364DD1-59F1-46B7-9869-D0FC3493DC80}"
EndProject
Project("{FAE04EC0-301F-11D3-BF4B-00C04F79EFBC}") = "Trivia.Tests", "Trivia.Tests\Trivia.Tests.csproj", "{18C23555-30D5-4E5B-91E0-A057903C86FC}"
EndProject
Global
	GlobalSection(SolutionConfigurationPlatforms) = preSolution
		Debug|Any CPU = Debug|Any CPU
		Debug|Mixed Platforms = Debug|Mixed Platforms
		Debug|x86 = Debug|x86
		Release|Any CPU = Release|Any CPU
		Release|Mixed Platforms = Release|Mixed Platforms
		Release|x86 = Release|x86
	EndGlobalSection
	GlobalSection(ProjectConfigurationPlatforms) = postSolution
		{A70DEB57-DD50-40C9-84A6-0FC79730BCEC}.Debug|Any CPU.ActiveCfg = Debug|Any CPU
		{A70DEB57-DD50-40C9-84A6-0FC79730BCEC}.Debug|Any CPU.Build.0 = Debug|Any CPU
		{A70DEB57-DD50-40C9-84A6-0FC79730BCEC}.Debug|Mixed Platforms.ActiveCfg = Debug|Any CPU
		{A70DEB57-DD50-40C9-84A6-0FC79730BCEC}.Debug|Mixed Platforms.Build.0 = Debug|Any CPU
		{A70DEB57-DD50-40C9-84A6-0FC79730BCEC}.Debug|x86.ActiveCfg = Debug|Any CPU
		{A70DEB57-DD50-40C9-84A6-0FC79730BCEC}.Release|Any CPU.ActiveCfg = Release|Any CPU
		{A70DEB57-DD50-40C9-84A6-0FC79730BCEC}.Release|Any CPU.Build.0 = Release|Any CPU
		{A70DEB57-DD50-40C9-84A6-0FC79730BCEC}.Release|Mixed Platforms.ActiveCfg = Release|Any CPU
		{A70DEB57-DD50-40C9-84A6-0FC79730BCEC}.Release|Mixed Platforms.Build.0 = Release|Any CPU
		{A70DEB57-DD50-40C9-84A6-0FC79730BCEC}.Release|x86.ActiveCfg = Release|Any CPU
		{66364DD1-59F1-46B7-9869-D0FC3493DC80}.Debug|Any CPU.ActiveCfg = Debug|Any CPU
		{66364DD1-59F1-46B7-9869-D0FC3493DC80}.Debug|Any CPU.Build.0 = Debug|Any CPU
		{66364DD1-59F1-46B7-9869-D0FC3493DC80}.Debug|Mixed Platforms.ActiveCfg = Debug|Any CPU
		{66364DD1-59F1-46B7-9869-D0FC3493DC80}.Debug|Mixed Platforms.Build.0 = Debug|Any CPU
		{66364DD1-59F1-46B7-9869-D0FC3493DC80}.Debug|x86.ActiveCfg = Debug|Any CPU
		{66364DD1-59F1-46B7-9869-D0FC3493DC80}.Release|Any CPU.ActiveCfg = Release|Any CPU
		{66364DD1-59F1-46B7-9869-D0FC3493DC80}.Release|Any CPU.Build.0 = Release|Any CPU
		{66364DD1-59F1-46B7-9869-D0FC3493DC80}.Release|Mixed Platforms.ActiveCfg = Release|Any CPU
		{66364DD1-59F1-46B7-9869-D0FC3493DC80}.Release|Mixed Platforms.Build.0 = Release|Any CPU
		{66364DD1-59F1-46B7-9869-D0FC3493DC80}.Release|x86.ActiveCfg = Release|Any CPU
		{18C23555-30D5-4E5B-91E0-A057903C86FC}.Debug|Any CPU.ActiveCfg = Debug|Any CPU
		{18C23555-30D5-4E5B-91E0-A057903C86FC}.Debug|Any CPU.Build.0 = Debug|Any CPU
		{18C23555-30D5-4E5B-91E0-A057903C86FC}.Debug|Mixed Platforms.ActiveCfg = Debug|Any CPU
		{18C23555-30D5-4E5B-91E0-A057903C86FC}.Debug|Mixed Platforms.Build.0 = Debug|Any CPU
		{18C23555-30D5-4E5B-91E0-A057903C86FC}.Debug|x86.ActiveCfg = Debug|Any CPU
		{18C23555-30D5-4E5B-91E0-A057903C86FC}.Release|Any CPU.ActiveCfg = Release|Any CPU
		{18C23555-30D5-4E5B-91E0-A057903C86FC}.Release|Any CPU.Build.0 = Release|Any CPU
		{18C23555-30D5-4E5B-91E0-A057903C86FC}.Release|Mixed Platforms.ActiveCfg = Release|Any CPU
		{18C23555-30D5-4E5B-91E0-A057903C86FC}.Release|Mixed Platforms.Build.0 = Release|Any CPU
		{18C23555-30D5-4E5B-91E0-A057903C86FC}.Release|x86.ActiveCfg = Release|Any CPU
	EndGlobalSection
	GlobalSection(SolutionProperties) = preSolution
		HideSolutionNode = FALSE
	EndGlobalSection
EndGlobal
